
Microsoft Visual Studio Solution File, Format Version 12.00
# Visual Studio 2013
VisualStudioVersion = 12.0.21005.1
MinimumVisualStudioVersion = 10.0.40219.1
Project("{8BC9CEB8-8B4A-11D0-8D11-00A0C91BC942}") = "WebRTC_APM_Port", "WebRTC_APM_Port.vcxproj", "{5C09DBC7-AF87-460A-B87F-C5829BD5A1D8}"
EndProject
Project("{8BC9CEB8-8B4A-11D0-8D11-00A0C91BC942}") = "libapm", "libapm\libapm.vcxproj", "{80953EA3-2B2D-4017-82EF-D17E41AE78C7}"
EndProject
Project("{8BC9CEB8-8B4A-11D0-8D11-00A0C91BC942}") = "test_libapm", "test_libapm\test_libapm.vcxproj", "{AFCE14DB-CCD7-46B8-88D6-F98EDCEEC581}"
EndProject
Global
	GlobalSection(SolutionConfigurationPlatforms) = preSolution
		Debug|Win32 = Debug|Win32
		Release|Win32 = Release|Win32
	EndGlobalSection
	GlobalSection(ProjectConfigurationPlatforms) = postSolution
		{5C09DBC7-AF87-460A-B87F-C5829BD5A1D8}.Debug|Win32.ActiveCfg = Debug|Win32
		{5C09DBC7-AF87-460A-B87F-C5829BD5A1D8}.Debug|Win32.Build.0 = Debug|Win32
		{5C09DBC7-AF87-460A-B87F-C5829BD5A1D8}.Release|Win32.ActiveCfg = Release|Win32
		{5C09DBC7-AF87-460A-B87F-C5829BD5A1D8}.Release|Win32.Build.0 = Release|Win32
		{80953EA3-2B2D-4017-82EF-D17E41AE78C7}.Debug|Win32.ActiveCfg = Debug|Win32
		{80953EA3-2B2D-4017-82EF-D17E41AE78C7}.Debug|Win32.Build.0 = Debug|Win32
		{80953EA3-2B2D-4017-82EF-D17E41AE78C7}.Release|Win32.ActiveCfg = Release|Win32
		{80953EA3-2B2D-4017-82EF-D17E41AE78C7}.Release|Win32.Build.0 = Release|Win32
		{AFCE14DB-CCD7-46B8-88D6-F98EDCEEC581}.Debug|Win32.ActiveCfg = Debug|Win32
		{AFCE14DB-CCD7-46B8-88D6-F98EDCEEC581}.Debug|Win32.Build.0 = Debug|Win32
		{AFCE14DB-CCD7-46B8-88D6-F98EDCEEC581}.Release|Win32.ActiveCfg = Release|Win32
		{AFCE14DB-CCD7-46B8-88D6-F98EDCEEC581}.Release|Win32.Build.0 = Release|Win32
	EndGlobalSection
	GlobalSection(SolutionProperties) = preSolution
		HideSolutionNode = FALSE
	EndGlobalSection
EndGlobal
